// !$*UTF8*$!
{
	archiveVersion = 1;
	classes = {
	};
	objectVersion = 50;
	objects = {

/* Begin PBXBuildFile section */
		815C46F522D449C200CC9741 /* AppDelegate.m in Sources */ = {isa = PBXBuildFile; fileRef = 815C46F422D449C200CC9741 /* AppDelegate.m */; };
		815C46F822D449C200CC9741 /* ViewController.m in Sources */ = {isa = PBXBuildFile; fileRef = 815C46F722D449C200CC9741 /* ViewController.m */; };
		815C46FB22D449C200CC9741 /* Main.storyboard in Resources */ = {isa = PBXBuildFile; fileRef = 815C46F922D449C200CC9741 /* Main.storyboard */; };
		815C46FD22D449C400CC9741 /* Assets.xcassets in Resources */ = {isa = PBXBuildFile; fileRef = 815C46FC22D449C400CC9741 /* Assets.xcassets */; };
		815C470022D449C400CC9741 /* LaunchScreen.storyboard in Resources */ = {isa = PBXBuildFile; fileRef = 815C46FE22D449C400CC9741 /* LaunchScreen.storyboard */; };
		815C470322D449C400CC9741 /* main.m in Sources */ = {isa = PBXBuildFile; fileRef = 815C470222D449C400CC9741 /* main.m */; };
		815C470D22D449C400CC9741 /* ThangRevisedContactPickerTests.m in Sources */ = {isa = PBXBuildFile; fileRef = 815C470C22D449C400CC9741 /* ThangRevisedContactPickerTests.m */; };
		815C471822D449C400CC9741 /* ThangRevisedContactPickerUITests.m in Sources */ = {isa = PBXBuildFile; fileRef = 815C471722D449C400CC9741 /* ThangRevisedContactPickerUITests.m */; };
		815C472A22D44A8000CC9741 /* ContactModel.m in Sources */ = {isa = PBXBuildFile; fileRef = 815C472922D44A8000CC9741 /* ContactModel.m */; };
		815C472E22D44A9800CC9741 /* ContactStore.m in Sources */ = {isa = PBXBuildFile; fileRef = 815C472D22D44A9800CC9741 /* ContactStore.m */; };
		815C473622D44BF300CC9741 /* ZAContactModel.m in Sources */ = {isa = PBXBuildFile; fileRef = 815C473522D44BF300CC9741 /* ZAContactModel.m */; };
		815C473922D44BFC00CC9741 /* ZAContactStore.m in Sources */ = {isa = PBXBuildFile; fileRef = 815C473822D44BFC00CC9741 /* ZAContactStore.m */; };
		81833AA022D57D620018E1E0 /* ContactPickerViewController.m in Sources */ = {isa = PBXBuildFile; fileRef = 81833A9F22D57D620018E1E0 /* ContactPickerViewController.m */; };
		81833AA722D57D9D0018E1E0 /* ContactTableView.m in Sources */ = {isa = PBXBuildFile; fileRef = 81833AA622D57D9D0018E1E0 /* ContactTableView.m */; };
		81833AAC22D57DC80018E1E0 /* ContactTableViewCell.m in Sources */ = {isa = PBXBuildFile; fileRef = 81833AAA22D57DC80018E1E0 /* ContactTableViewCell.m */; };
		81833AAD22D57DC80018E1E0 /* ContactTableViewCell.xib in Resources */ = {isa = PBXBuildFile; fileRef = 81833AAB22D57DC80018E1E0 /* ContactTableViewCell.xib */; };
		81B7CC2022D5CBB5004E4278 /* ZAContactCellViewModel.m in Sources */ = {isa = PBXBuildFile; fileRef = 81B7CC1F22D5CBB5004E4278 /* ZAContactCellViewModel.m */; };
		81F7444622D5CDA100D4173A /* ZAContactViewModel.m in Sources */ = {isa = PBXBuildFile; fileRef = 81F7444522D5CDA100D4173A /* ZAContactViewModel.m */; };
		81FEB6C722D7174A00885B08 /* ContactCollectionViewCell.m in Sources */ = {isa = PBXBuildFile; fileRef = 81FEB6C522D7174A00885B08 /* ContactCollectionViewCell.m */; };
		81FEB6C822D7174A00885B08 /* ContactCollectionViewCell.xib in Resources */ = {isa = PBXBuildFile; fileRef = 81FEB6C622D7174A00885B08 /* ContactCollectionViewCell.xib */; };
		81FEB6CB22D7176200885B08 /* ContactCollectionView.m in Sources */ = {isa = PBXBuildFile; fileRef = 81FEB6CA22D7176200885B08 /* ContactCollectionView.m */; };
		81FEB6DA22D7461200885B08 /* CustomCache.m in Sources */ = {isa = PBXBuildFile; fileRef = 81FEB6D922D7461200885B08 /* CustomCache.m */; };
/* End PBXBuildFile section */

/* Begin PBXContainerItemProxy section */
		815C470922D449C400CC9741 /* PBXContainerItemProxy */ = {
			isa = PBXContainerItemProxy;
			containerPortal = 815C46E822D449C200CC9741 /* Project object */;
			proxyType = 1;
			remoteGlobalIDString = 815C46EF22D449C200CC9741;
			remoteInfo = ThangRevisedContactPicker;
		};
		815C471422D449C400CC9741 /* PBXContainerItemProxy */ = {
			isa = PBXContainerItemProxy;
			containerPortal = 815C46E822D449C200CC9741 /* Project object */;
			proxyType = 1;
			remoteGlobalIDString = 815C46EF22D449C200CC9741;
			remoteInfo = ThangRevisedContactPicker;
		};
/* End PBXContainerItemProxy section */

/* Begin PBXFileReference section */
		815C46F022D449C200CC9741 /* ThangRevisedContactPicker.app */ = {isa = PBXFileReference; explicitFileType = wrapper.application; includeInIndex = 0; path = ThangRevisedContactPicker.app; sourceTree = BUILT_PRODUCTS_DIR; };
		815C46F322D449C200CC9741 /* AppDelegate.h */ = {isa = PBXFileReference; lastKnownFileType = sourcecode.c.h; path = AppDelegate.h; sourceTree = "<group>"; };
		815C46F422D449C200CC9741 /* AppDelegate.m */ = {isa = PBXFileReference; lastKnownFileType = sourcecode.c.objc; path = AppDelegate.m; sourceTree = "<group>"; };
		815C46F622D449C200CC9741 /* ViewController.h */ = {isa = PBXFileReference; lastKnownFileType = sourcecode.c.h; path = ViewController.h; sourceTree = "<group>"; };
		815C46F722D449C200CC9741 /* ViewController.m */ = {isa = PBXFileReference; lastKnownFileType = sourcecode.c.objc; path = ViewController.m; sourceTree = "<group>"; };
		815C46FA22D449C200CC9741 /* Base */ = {isa = PBXFileReference; lastKnownFileType = file.storyboard; name = Base; path = Base.lproj/Main.storyboard; sourceTree = "<group>"; };
		815C46FC22D449C400CC9741 /* Assets.xcassets */ = {isa = PBXFileReference; lastKnownFileType = folder.assetcatalog; path = Assets.xcassets; sourceTree = "<group>"; };
		815C46FF22D449C400CC9741 /* Base */ = {isa = PBXFileReference; lastKnownFileType = file.storyboard; name = Base; path = Base.lproj/LaunchScreen.storyboard; sourceTree = "<group>"; };
		815C470122D449C400CC9741 /* Info.plist */ = {isa = PBXFileReference; lastKnownFileType = text.plist.xml; path = Info.plist; sourceTree = "<group>"; };
		815C470222D449C400CC9741 /* main.m */ = {isa = PBXFileReference; lastKnownFileType = sourcecode.c.objc; path = main.m; sourceTree = "<group>"; };
		815C470822D449C400CC9741 /* ThangRevisedContactPickerTests.xctest */ = {isa = PBXFileReference; explicitFileType = wrapper.cfbundle; includeInIndex = 0; path = ThangRevisedContactPickerTests.xctest; sourceTree = BUILT_PRODUCTS_DIR; };
		815C470C22D449C400CC9741 /* ThangRevisedContactPickerTests.m */ = {isa = PBXFileReference; lastKnownFileType = sourcecode.c.objc; path = ThangRevisedContactPickerTests.m; sourceTree = "<group>"; };
		815C470E22D449C400CC9741 /* Info.plist */ = {isa = PBXFileReference; lastKnownFileType = text.plist.xml; path = Info.plist; sourceTree = "<group>"; };
		815C471322D449C400CC9741 /* ThangRevisedContactPickerUITests.xctest */ = {isa = PBXFileReference; explicitFileType = wrapper.cfbundle; includeInIndex = 0; path = ThangRevisedContactPickerUITests.xctest; sourceTree = BUILT_PRODUCTS_DIR; };
		815C471722D449C400CC9741 /* ThangRevisedContactPickerUITests.m */ = {isa = PBXFileReference; lastKnownFileType = sourcecode.c.objc; path = ThangRevisedContactPickerUITests.m; sourceTree = "<group>"; };
		815C471922D449C400CC9741 /* Info.plist */ = {isa = PBXFileReference; lastKnownFileType = text.plist.xml; path = Info.plist; sourceTree = "<group>"; };
		815C472822D44A8000CC9741 /* ContactModel.h */ = {isa = PBXFileReference; lastKnownFileType = sourcecode.c.h; path = ContactModel.h; sourceTree = "<group>"; };
		815C472922D44A8000CC9741 /* ContactModel.m */ = {isa = PBXFileReference; lastKnownFileType = sourcecode.c.objc; path = ContactModel.m; sourceTree = "<group>"; };
		815C472C22D44A9800CC9741 /* ContactStore.h */ = {isa = PBXFileReference; lastKnownFileType = sourcecode.c.h; path = ContactStore.h; sourceTree = "<group>"; };
		815C472D22D44A9800CC9741 /* ContactStore.m */ = {isa = PBXFileReference; lastKnownFileType = sourcecode.c.objc; path = ContactStore.m; sourceTree = "<group>"; };
		815C473422D44BF300CC9741 /* ZAContactModel.h */ = {isa = PBXFileReference; lastKnownFileType = sourcecode.c.h; path = ZAContactModel.h; sourceTree = "<group>"; };
		815C473522D44BF300CC9741 /* ZAContactModel.m */ = {isa = PBXFileReference; lastKnownFileType = sourcecode.c.objc; path = ZAContactModel.m; sourceTree = "<group>"; };
		815C473722D44BFC00CC9741 /* ZAContactStore.h */ = {isa = PBXFileReference; lastKnownFileType = sourcecode.c.h; path = ZAContactStore.h; sourceTree = "<group>"; };
		815C473822D44BFC00CC9741 /* ZAContactStore.m */ = {isa = PBXFileReference; lastKnownFileType = sourcecode.c.objc; path = ZAContactStore.m; sourceTree = "<group>"; };
		81833A9E22D57D620018E1E0 /* ContactPickerViewController.h */ = {isa = PBXFileReference; lastKnownFileType = sourcecode.c.h; path = ContactPickerViewController.h; sourceTree = "<group>"; };
		81833A9F22D57D620018E1E0 /* ContactPickerViewController.m */ = {isa = PBXFileReference; lastKnownFileType = sourcecode.c.objc; path = ContactPickerViewController.m; sourceTree = "<group>"; };
		81833AA522D57D9D0018E1E0 /* ContactTableView.h */ = {isa = PBXFileReference; lastKnownFileType = sourcecode.c.h; path = ContactTableView.h; sourceTree = "<group>"; };
		81833AA622D57D9D0018E1E0 /* ContactTableView.m */ = {isa = PBXFileReference; lastKnownFileType = sourcecode.c.objc; path = ContactTableView.m; sourceTree = "<group>"; };
		81833AA922D57DC80018E1E0 /* ContactTableViewCell.h */ = {isa = PBXFileReference; lastKnownFileType = sourcecode.c.h; path = ContactTableViewCell.h; sourceTree = "<group>"; };
		81833AAA22D57DC80018E1E0 /* ContactTableViewCell.m */ = {isa = PBXFileReference; lastKnownFileType = sourcecode.c.objc; path = ContactTableViewCell.m; sourceTree = "<group>"; };
		81833AAB22D57DC80018E1E0 /* ContactTableViewCell.xib */ = {isa = PBXFileReference; lastKnownFileType = file.xib; path = ContactTableViewCell.xib; sourceTree = "<group>"; };
		81B7CC1E22D5CBB5004E4278 /* ZAContactCellViewModel.h */ = {isa = PBXFileReference; lastKnownFileType = sourcecode.c.h; path = ZAContactCellViewModel.h; sourceTree = "<group>"; };
		81B7CC1F22D5CBB5004E4278 /* ZAContactCellViewModel.m */ = {isa = PBXFileReference; lastKnownFileType = sourcecode.c.objc; path = ZAContactCellViewModel.m; sourceTree = "<group>"; };
		81F7444422D5CDA100D4173A /* ZAContactViewModel.h */ = {isa = PBXFileReference; lastKnownFileType = sourcecode.c.h; path = ZAContactViewModel.h; sourceTree = "<group>"; };
		81F7444522D5CDA100D4173A /* ZAContactViewModel.m */ = {isa = PBXFileReference; lastKnownFileType = sourcecode.c.objc; path = ZAContactViewModel.m; sourceTree = "<group>"; };
		81FEB6C422D7174A00885B08 /* ContactCollectionViewCell.h */ = {isa = PBXFileReference; lastKnownFileType = sourcecode.c.h; path = ContactCollectionViewCell.h; sourceTree = "<group>"; };
		81FEB6C522D7174A00885B08 /* ContactCollectionViewCell.m */ = {isa = PBXFileReference; lastKnownFileType = sourcecode.c.objc; path = ContactCollectionViewCell.m; sourceTree = "<group>"; };
		81FEB6C622D7174A00885B08 /* ContactCollectionViewCell.xib */ = {isa = PBXFileReference; lastKnownFileType = file.xib; path = ContactCollectionViewCell.xib; sourceTree = "<group>"; };
		81FEB6C922D7176200885B08 /* ContactCollectionView.h */ = {isa = PBXFileReference; lastKnownFileType = sourcecode.c.h; path = ContactCollectionView.h; sourceTree = "<group>"; };
		81FEB6CA22D7176200885B08 /* ContactCollectionView.m */ = {isa = PBXFileReference; lastKnownFileType = sourcecode.c.objc; path = ContactCollectionView.m; sourceTree = "<group>"; };
		81FEB6D822D7461200885B08 /* CustomCache.h */ = {isa = PBXFileReference; lastKnownFileType = sourcecode.c.h; path = CustomCache.h; sourceTree = "<group>"; };
		81FEB6D922D7461200885B08 /* CustomCache.m */ = {isa = PBXFileReference; lastKnownFileType = sourcecode.c.objc; path = CustomCache.m; sourceTree = "<group>"; };
/* End PBXFileReference section */

/* Begin PBXFrameworksBuildPhase section */
		815C46ED22D449C200CC9741 /* Frameworks */ = {
			isa = PBXFrameworksBuildPhase;
			buildActionMask = 2147483647;
			files = (
			);
			runOnlyForDeploymentPostprocessing = 0;
		};
		815C470522D449C400CC9741 /* Frameworks */ = {
			isa = PBXFrameworksBuildPhase;
			buildActionMask = 2147483647;
			files = (
			);
			runOnlyForDeploymentPostprocessing = 0;
		};
		815C471022D449C400CC9741 /* Frameworks */ = {
			isa = PBXFrameworksBuildPhase;
			buildActionMask = 2147483647;
			files = (
			);
			runOnlyForDeploymentPostprocessing = 0;
		};
/* End PBXFrameworksBuildPhase section */

/* Begin PBXGroup section */
		8128F4E122D84242007F5807 /* Empty View */ = {
			isa = PBXGroup;
			children = (
			);
			path = "Empty View";
			sourceTree = "<group>";
		};
		815C46E722D449C200CC9741 = {
			isa = PBXGroup;
			children = (
				815C46F222D449C200CC9741 /* ThangRevisedContactPicker */,
				815C470B22D449C400CC9741 /* ThangRevisedContactPickerTests */,
				815C471622D449C400CC9741 /* ThangRevisedContactPickerUITests */,
				815C46F122D449C200CC9741 /* Products */,
			);
			sourceTree = "<group>";
		};
		815C46F122D449C200CC9741 /* Products */ = {
			isa = PBXGroup;
			children = (
				815C46F022D449C200CC9741 /* ThangRevisedContactPicker.app */,
				815C470822D449C400CC9741 /* ThangRevisedContactPickerTests.xctest */,
				815C471322D449C400CC9741 /* ThangRevisedContactPickerUITests.xctest */,
			);
			name = Products;
			sourceTree = "<group>";
		};
		815C46F222D449C200CC9741 /* ThangRevisedContactPicker */ = {
			isa = PBXGroup;
			children = (
				815C473A22D44D7000CC9741 /* Presentation layer */,
				815C472F22D44BAB00CC9741 /* Business layer */,
				815C472522D449D500CC9741 /* Data layer */,
				815C46F322D449C200CC9741 /* AppDelegate.h */,
				815C46F422D449C200CC9741 /* AppDelegate.m */,
				815C46F922D449C200CC9741 /* Main.storyboard */,
				815C46FC22D449C400CC9741 /* Assets.xcassets */,
				815C46FE22D449C400CC9741 /* LaunchScreen.storyboard */,
				815C470122D449C400CC9741 /* Info.plist */,
				815C470222D449C400CC9741 /* main.m */,
			);
			path = ThangRevisedContactPicker;
			sourceTree = "<group>";
		};
		815C470B22D449C400CC9741 /* ThangRevisedContactPickerTests */ = {
			isa = PBXGroup;
			children = (
				815C470C22D449C400CC9741 /* ThangRevisedContactPickerTests.m */,
				815C470E22D449C400CC9741 /* Info.plist */,
			);
			path = ThangRevisedContactPickerTests;
			sourceTree = "<group>";
		};
		815C471622D449C400CC9741 /* ThangRevisedContactPickerUITests */ = {
			isa = PBXGroup;
			children = (
				815C471722D449C400CC9741 /* ThangRevisedContactPickerUITests.m */,
				815C471922D449C400CC9741 /* Info.plist */,
			);
			path = ThangRevisedContactPickerUITests;
			sourceTree = "<group>";
		};
		815C472522D449D500CC9741 /* Data layer */ = {
			isa = PBXGroup;
			children = (
				815C472722D44A6400CC9741 /* ContactStore */,
				815C472622D44A5A00CC9741 /* ContactModel */,
			);
			path = "Data layer";
			sourceTree = "<group>";
		};
		815C472622D44A5A00CC9741 /* ContactModel */ = {
			isa = PBXGroup;
			children = (
				815C472822D44A8000CC9741 /* ContactModel.h */,
				815C472922D44A8000CC9741 /* ContactModel.m */,
			);
			path = ContactModel;
			sourceTree = "<group>";
		};
		815C472722D44A6400CC9741 /* ContactStore */ = {
			isa = PBXGroup;
			children = (
				815C472C22D44A9800CC9741 /* ContactStore.h */,
				815C472D22D44A9800CC9741 /* ContactStore.m */,
			);
			path = ContactStore;
			sourceTree = "<group>";
		};
		815C472F22D44BAB00CC9741 /* Business layer */ = {
			isa = PBXGroup;
			children = (
				815C473022D44BB700CC9741 /* ZAContactPicker */,
			);
			path = "Business layer";
			sourceTree = "<group>";
		};
		815C473022D44BB700CC9741 /* ZAContactPicker */ = {
			isa = PBXGroup;
			children = (
				815C473322D44BE000CC9741 /* ZAContactStore */,
				815C473222D44BD100CC9741 /* ZAContactModel */,
			);
			path = ZAContactPicker;
			sourceTree = "<group>";
		};
		815C473222D44BD100CC9741 /* ZAContactModel */ = {
			isa = PBXGroup;
			children = (
				815C473422D44BF300CC9741 /* ZAContactModel.h */,
				815C473522D44BF300CC9741 /* ZAContactModel.m */,
			);
			path = ZAContactModel;
			sourceTree = "<group>";
		};
		815C473322D44BE000CC9741 /* ZAContactStore */ = {
			isa = PBXGroup;
			children = (
				815C473722D44BFC00CC9741 /* ZAContactStore.h */,
				815C473822D44BFC00CC9741 /* ZAContactStore.m */,
			);
			path = ZAContactStore;
			sourceTree = "<group>";
		};
		815C473A22D44D7000CC9741 /* Presentation layer */ = {
			isa = PBXGroup;
			children = (
				81FEB6CC22D742E600885B08 /* Utility */,
				81833A9B22D57D0F0018E1E0 /* ViewController */,
				81833A9A22D57D080018E1E0 /* Templates */,
				81833AAE22D58AFC0018E1E0 /* ViewModel */,
			);
			path = "Presentation layer";
			sourceTree = "<group>";
		};
		81833A9A22D57D080018E1E0 /* Templates */ = {
			isa = PBXGroup;
			children = (
				81833AA222D57D700018E1E0 /* CollectionView */,
				81833AA122D57D6A0018E1E0 /* TableView */,
			);
			path = Templates;
			sourceTree = "<group>";
		};
		81833A9B22D57D0F0018E1E0 /* ViewController */ = {
			isa = PBXGroup;
			children = (
				81833A9C22D57D290018E1E0 /* StartPageViewController */,
				81833A9D22D57D390018E1E0 /* ContactPickerViewController */,
			);
			path = ViewController;
			sourceTree = "<group>";
		};
		81833A9C22D57D290018E1E0 /* StartPageViewController */ = {
			isa = PBXGroup;
			children = (
				815C46F622D449C200CC9741 /* ViewController.h */,
				815C46F722D449C200CC9741 /* ViewController.m */,
			);
			path = StartPageViewController;
			sourceTree = "<group>";
		};
		81833A9D22D57D390018E1E0 /* ContactPickerViewController */ = {
			isa = PBXGroup;
			children = (
				81833A9E22D57D620018E1E0 /* ContactPickerViewController.h */,
				81833A9F22D57D620018E1E0 /* ContactPickerViewController.m */,
			);
			path = ContactPickerViewController;
			sourceTree = "<group>";
		};
		81833AA122D57D6A0018E1E0 /* TableView */ = {
			isa = PBXGroup;
			children = (
				81833AA522D57D9D0018E1E0 /* ContactTableView.h */,
				81833AA622D57D9D0018E1E0 /* ContactTableView.m */,
				81833AA322D57D810018E1E0 /* Cell */,
			);
			path = TableView;
			sourceTree = "<group>";
		};
		81833AA222D57D700018E1E0 /* CollectionView */ = {
			isa = PBXGroup;
			children = (
				81FEB6C922D7176200885B08 /* ContactCollectionView.h */,
				81FEB6CA22D7176200885B08 /* ContactCollectionView.m */,
				81833AA422D57D8A0018E1E0 /* Cell */,
			);
			path = CollectionView;
			sourceTree = "<group>";
		};
		81833AA322D57D810018E1E0 /* Cell */ = {
			isa = PBXGroup;
			children = (
				81833AA922D57DC80018E1E0 /* ContactTableViewCell.h */,
				81833AAA22D57DC80018E1E0 /* ContactTableViewCell.m */,
				81833AAB22D57DC80018E1E0 /* ContactTableViewCell.xib */,
			);
			path = Cell;
			sourceTree = "<group>";
		};
		81833AA422D57D8A0018E1E0 /* Cell */ = {
			isa = PBXGroup;
			children = (
				81FEB6C422D7174A00885B08 /* ContactCollectionViewCell.h */,
				81FEB6C522D7174A00885B08 /* ContactCollectionViewCell.m */,
				81FEB6C622D7174A00885B08 /* ContactCollectionViewCell.xib */,
			);
			path = Cell;
			sourceTree = "<group>";
		};
		81833AAE22D58AFC0018E1E0 /* ViewModel */ = {
			isa = PBXGroup;
			children = (
				81F7444322D5CD6500D4173A /* For ViewController */,
				81B7CC1C22D5CB99004E4278 /* For Cell */,
			);
			path = ViewModel;
			sourceTree = "<group>";
		};
		81B7CC1C22D5CB99004E4278 /* For Cell */ = {
			isa = PBXGroup;
			children = (
				81B7CC1E22D5CBB5004E4278 /* ZAContactCellViewModel.h */,
				81B7CC1F22D5CBB5004E4278 /* ZAContactCellViewModel.m */,
			);
			path = "For Cell";
			sourceTree = "<group>";
		};
		81F7444322D5CD6500D4173A /* For ViewController */ = {
			isa = PBXGroup;
			children = (
				81F7444422D5CDA100D4173A /* ZAContactViewModel.h */,
				81F7444522D5CDA100D4173A /* ZAContactViewModel.m */,
			);
			path = "For ViewController";
			sourceTree = "<group>";
		};
		81FEB6CC22D742E600885B08 /* Utility */ = {
			isa = PBXGroup;
			children = (
				8128F4E122D84242007F5807 /* Empty View */,
				81FEB6CD22D742F400885B08 /* Avatar cache */,
			);
			path = Utility;
			sourceTree = "<group>";
		};
		81FEB6CD22D742F400885B08 /* Avatar cache */ = {
			isa = PBXGroup;
			children = (
				81FEB6D822D7461200885B08 /* CustomCache.h */,
				81FEB6D922D7461200885B08 /* CustomCache.m */,
			);
			path = "Avatar cache";
			sourceTree = "<group>";
		};
/* End PBXGroup section */

/* Begin PBXNativeTarget section */
		815C46EF22D449C200CC9741 /* ThangRevisedContactPicker */ = {
			isa = PBXNativeTarget;
			buildConfigurationList = 815C471C22D449C400CC9741 /* Build configuration list for PBXNativeTarget "ThangRevisedContactPicker" */;
			buildPhases = (
				815C46EC22D449C200CC9741 /* Sources */,
				815C46ED22D449C200CC9741 /* Frameworks */,
				815C46EE22D449C200CC9741 /* Resources */,
			);
			buildRules = (
			);
			dependencies = (
			);
			name = ThangRevisedContactPicker;
			productName = ThangRevisedContactPicker;
			productReference = 815C46F022D449C200CC9741 /* ThangRevisedContactPicker.app */;
			productType = "com.apple.product-type.application";
		};
		815C470722D449C400CC9741 /* ThangRevisedContactPickerTests */ = {
			isa = PBXNativeTarget;
			buildConfigurationList = 815C471F22D449C400CC9741 /* Build configuration list for PBXNativeTarget "ThangRevisedContactPickerTests" */;
			buildPhases = (
				815C470422D449C400CC9741 /* Sources */,
				815C470522D449C400CC9741 /* Frameworks */,
				815C470622D449C400CC9741 /* Resources */,
			);
			buildRules = (
			);
			dependencies = (
				815C470A22D449C400CC9741 /* PBXTargetDependency */,
			);
			name = ThangRevisedContactPickerTests;
			productName = ThangRevisedContactPickerTests;
			productReference = 815C470822D449C400CC9741 /* ThangRevisedContactPickerTests.xctest */;
			productType = "com.apple.product-type.bundle.unit-test";
		};
		815C471222D449C400CC9741 /* ThangRevisedContactPickerUITests */ = {
			isa = PBXNativeTarget;
			buildConfigurationList = 815C472222D449C400CC9741 /* Build configuration list for PBXNativeTarget "ThangRevisedContactPickerUITests" */;
			buildPhases = (
				815C470F22D449C400CC9741 /* Sources */,
				815C471022D449C400CC9741 /* Frameworks */,
				815C471122D449C400CC9741 /* Resources */,
			);
			buildRules = (
			);
			dependencies = (
				815C471522D449C400CC9741 /* PBXTargetDependency */,
			);
			name = ThangRevisedContactPickerUITests;
			productName = ThangRevisedContactPickerUITests;
			productReference = 815C471322D449C400CC9741 /* ThangRevisedContactPickerUITests.xctest */;
			productType = "com.apple.product-type.bundle.ui-testing";
		};
/* End PBXNativeTarget section */

/* Begin PBXProject section */
		815C46E822D449C200CC9741 /* Project object */ = {
			isa = PBXProject;
			attributes = {
				LastUpgradeCheck = 1020;
				ORGANIZATIONNAME = ThangNVH;
				TargetAttributes = {
					815C46EF22D449C200CC9741 = {
						CreatedOnToolsVersion = 10.2.1;
					};
					815C470722D449C400CC9741 = {
						CreatedOnToolsVersion = 10.2.1;
						TestTargetID = 815C46EF22D449C200CC9741;
					};
					815C471222D449C400CC9741 = {
						CreatedOnToolsVersion = 10.2.1;
						TestTargetID = 815C46EF22D449C200CC9741;
					};
				};
			};
			buildConfigurationList = 815C46EB22D449C200CC9741 /* Build configuration list for PBXProject "ThangRevisedContactPicker" */;
			compatibilityVersion = "Xcode 9.3";
			developmentRegion = en;
			hasScannedForEncodings = 0;
			knownRegions = (
				en,
				Base,
			);
			mainGroup = 815C46E722D449C200CC9741;
			productRefGroup = 815C46F122D449C200CC9741 /* Products */;
			projectDirPath = "";
			projectRoot = "";
			targets = (
				815C46EF22D449C200CC9741 /* ThangRevisedContactPicker */,
				815C470722D449C400CC9741 /* ThangRevisedContactPickerTests */,
				815C471222D449C400CC9741 /* ThangRevisedContactPickerUITests */,
			);
		};
/* End PBXProject section */

/* Begin PBXResourcesBuildPhase section */
		815C46EE22D449C200CC9741 /* Resources */ = {
			isa = PBXResourcesBuildPhase;
			buildActionMask = 2147483647;
			files = (
				81FEB6C822D7174A00885B08 /* ContactCollectionViewCell.xib in Resources */,
				81833AAD22D57DC80018E1E0 /* ContactTableViewCell.xib in Resources */,
				815C470022D449C400CC9741 /* LaunchScreen.storyboard in Resources */,
				815C46FD22D449C400CC9741 /* Assets.xcassets in Resources */,
				815C46FB22D449C200CC9741 /* Main.storyboard in Resources */,
			);
			runOnlyForDeploymentPostprocessing = 0;
		};
		815C470622D449C400CC9741 /* Resources */ = {
			isa = PBXResourcesBuildPhase;
			buildActionMask = 2147483647;
			files = (
			);
			runOnlyForDeploymentPostprocessing = 0;
		};
		815C471122D449C400CC9741 /* Resources */ = {
			isa = PBXResourcesBuildPhase;
			buildActionMask = 2147483647;
			files = (
			);
			runOnlyForDeploymentPostprocessing = 0;
		};
/* End PBXResourcesBuildPhase section */

/* Begin PBXSourcesBuildPhase section */
		815C46EC22D449C200CC9741 /* Sources */ = {
			isa = PBXSourcesBuildPhase;
			buildActionMask = 2147483647;
			files = (
				815C46F822D449C200CC9741 /* ViewController.m in Sources */,
				81FEB6CB22D7176200885B08 /* ContactCollectionView.m in Sources */,
				81833AA022D57D620018E1E0 /* ContactPickerViewController.m in Sources */,
				81833AAC22D57DC80018E1E0 /* ContactTableViewCell.m in Sources */,
				815C473622D44BF300CC9741 /* ZAContactModel.m in Sources */,
				81FEB6DA22D7461200885B08 /* CustomCache.m in Sources */,
				815C470322D449C400CC9741 /* main.m in Sources */,
				81FEB6C722D7174A00885B08 /* ContactCollectionViewCell.m in Sources */,
				815C472A22D44A8000CC9741 /* ContactModel.m in Sources */,
				81B7CC2022D5CBB5004E4278 /* ZAContactCellViewModel.m in Sources */,
				81833AA722D57D9D0018E1E0 /* ContactTableView.m in Sources */,
				815C46F522D449C200CC9741 /* AppDelegate.m in Sources */,
				815C472E22D44A9800CC9741 /* ContactStore.m in Sources */,
				81F7444622D5CDA100D4173A /* ZAContactViewModel.m in Sources */,
				815C473922D44BFC00CC9741 /* ZAContactStore.m in Sources */,
			);
			runOnlyForDeploymentPostprocessing = 0;
		};
		815C470422D449C400CC9741 /* Sources */ = {
			isa = PBXSourcesBuildPhase;
			buildActionMask = 2147483647;
			files = (
				815C470D22D449C400CC9741 /* ThangRevisedContactPickerTests.m in Sources */,
			);
			runOnlyForDeploymentPostprocessing = 0;
		};
		815C470F22D449C400CC9741 /* Sources */ = {
			isa = PBXSourcesBuildPhase;
			buildActionMask = 2147483647;
			files = (
				815C471822D449C400CC9741 /* ThangRevisedContactPickerUITests.m in Sources */,
			);
			runOnlyForDeploymentPostprocessing = 0;
		};
/* End PBXSourcesBuildPhase section */

/* Begin PBXTargetDependency section */
		815C470A22D449C400CC9741 /* PBXTargetDependency */ = {
			isa = PBXTargetDependency;
			target = 815C46EF22D449C200CC9741 /* ThangRevisedContactPicker */;
			targetProxy = 815C470922D449C400CC9741 /* PBXContainerItemProxy */;
		};
		815C471522D449C400CC9741 /* PBXTargetDependency */ = {
			isa = PBXTargetDependency;
			target = 815C46EF22D449C200CC9741 /* ThangRevisedContactPicker */;
			targetProxy = 815C471422D449C400CC9741 /* PBXContainerItemProxy */;
		};
/* End PBXTargetDependency section */

/* Begin PBXVariantGroup section */
		815C46F922D449C200CC9741 /* Main.storyboard */ = {
			isa = PBXVariantGroup;
			children = (
				815C46FA22D449C200CC9741 /* Base */,
			);
			name = Main.storyboard;
			sourceTree = "<group>";
		};
		815C46FE22D449C400CC9741 /* LaunchScreen.storyboard */ = {
			isa = PBXVariantGroup;
			children = (
				815C46FF22D449C400CC9741 /* Base */,
			);
			name = LaunchScreen.storyboard;
			sourceTree = "<group>";
		};
/* End PBXVariantGroup section */

/* Begin XCBuildConfiguration section */
		815C471A22D449C400CC9741 /* Debug */ = {
			isa = XCBuildConfiguration;
			buildSettings = {
				ALWAYS_SEARCH_USER_PATHS = NO;
				CLANG_ANALYZER_NONNULL = YES;
				CLANG_ANALYZER_NUMBER_OBJECT_CONVERSION = YES_AGGRESSIVE;
				CLANG_CXX_LANGUAGE_STANDARD = "gnu++14";
				CLANG_CXX_LIBRARY = "libc++";
				CLANG_ENABLE_MODULES = YES;
				CLANG_ENABLE_OBJC_ARC = YES;
				CLANG_ENABLE_OBJC_WEAK = YES;
				CLANG_WARN_BLOCK_CAPTURE_AUTORELEASING = YES;
				CLANG_WARN_BOOL_CONVERSION = YES;
				CLANG_WARN_COMMA = YES;
				CLANG_WARN_CONSTANT_CONVERSION = YES;
				CLANG_WARN_DEPRECATED_OBJC_IMPLEMENTATIONS = YES;
				CLANG_WARN_DIRECT_OBJC_ISA_USAGE = YES_ERROR;
				CLANG_WARN_DOCUMENTATION_COMMENTS = YES;
				CLANG_WARN_EMPTY_BODY = YES;
				CLANG_WARN_ENUM_CONVERSION = YES;
				CLANG_WARN_INFINITE_RECURSION = YES;
				CLANG_WARN_INT_CONVERSION = YES;
				CLANG_WARN_NON_LITERAL_NULL_CONVERSION = YES;
				CLANG_WARN_OBJC_IMPLICIT_RETAIN_SELF = YES;
				CLANG_WARN_OBJC_LITERAL_CONVERSION = YES;
				CLANG_WARN_OBJC_ROOT_CLASS = YES_ERROR;
				CLANG_WARN_RANGE_LOOP_ANALYSIS = YES;
				CLANG_WARN_STRICT_PROTOTYPES = YES;
				CLANG_WARN_SUSPICIOUS_MOVE = YES;
				CLANG_WARN_UNGUARDED_AVAILABILITY = YES_AGGRESSIVE;
				CLANG_WARN_UNREACHABLE_CODE = YES;
				CLANG_WARN__DUPLICATE_METHOD_MATCH = YES;
				CODE_SIGN_IDENTITY = "iPhone Developer";
				COPY_PHASE_STRIP = NO;
				DEBUG_INFORMATION_FORMAT = dwarf;
				ENABLE_STRICT_OBJC_MSGSEND = YES;
				ENABLE_TESTABILITY = YES;
				GCC_C_LANGUAGE_STANDARD = gnu11;
				GCC_DYNAMIC_NO_PIC = NO;
				GCC_NO_COMMON_BLOCKS = YES;
				GCC_OPTIMIZATION_LEVEL = 0;
				GCC_PREPROCESSOR_DEFINITIONS = (
					"DEBUG=1",
					"$(inherited)",
				);
				GCC_WARN_64_TO_32_BIT_CONVERSION = YES;
				GCC_WARN_ABOUT_RETURN_TYPE = YES_ERROR;
				GCC_WARN_UNDECLARED_SELECTOR = YES;
				GCC_WARN_UNINITIALIZED_AUTOS = YES_AGGRESSIVE;
				GCC_WARN_UNUSED_FUNCTION = YES;
				GCC_WARN_UNUSED_VARIABLE = YES;
				IPHONEOS_DEPLOYMENT_TARGET = 12.2;
				MTL_ENABLE_DEBUG_INFO = INCLUDE_SOURCE;
				MTL_FAST_MATH = YES;
				ONLY_ACTIVE_ARCH = YES;
				SDKROOT = iphoneos;
			};
			name = Debug;
		};
		815C471B22D449C400CC9741 /* Release */ = {
			isa = XCBuildConfiguration;
			buildSettings = {
				ALWAYS_SEARCH_USER_PATHS = NO;
				CLANG_ANALYZER_NONNULL = YES;
				CLANG_ANALYZER_NUMBER_OBJECT_CONVERSION = YES_AGGRESSIVE;
				CLANG_CXX_LANGUAGE_STANDARD = "gnu++14";
				CLANG_CXX_LIBRARY = "libc++";
				CLANG_ENABLE_MODULES = YES;
				CLANG_ENABLE_OBJC_ARC = YES;
				CLANG_ENABLE_OBJC_WEAK = YES;
				CLANG_WARN_BLOCK_CAPTURE_AUTORELEASING = YES;
				CLANG_WARN_BOOL_CONVERSION = YES;
				CLANG_WARN_COMMA = YES;
				CLANG_WARN_CONSTANT_CONVERSION = YES;
				CLANG_WARN_DEPRECATED_OBJC_IMPLEMENTATIONS = YES;
				CLANG_WARN_DIRECT_OBJC_ISA_USAGE = YES_ERROR;
				CLANG_WARN_DOCUMENTATION_COMMENTS = YES;
				CLANG_WARN_EMPTY_BODY = YES;
				CLANG_WARN_ENUM_CONVERSION = YES;
				CLANG_WARN_INFINITE_RECURSION = YES;
				CLANG_WARN_INT_CONVERSION = YES;
				CLANG_WARN_NON_LITERAL_NULL_CONVERSION = YES;
				CLANG_WARN_OBJC_IMPLICIT_RETAIN_SELF = YES;
				CLANG_WARN_OBJC_LITERAL_CONVERSION = YES;
				CLANG_WARN_OBJC_ROOT_CLASS = YES_ERROR;
				CLANG_WARN_RANGE_LOOP_ANALYSIS = YES;
				CLANG_WARN_STRICT_PROTOTYPES = YES;
				CLANG_WARN_SUSPICIOUS_MOVE = YES;
				CLANG_WARN_UNGUARDED_AVAILABILITY = YES_AGGRESSIVE;
				CLANG_WARN_UNREACHABLE_CODE = YES;
				CLANG_WARN__DUPLICATE_METHOD_MATCH = YES;
				CODE_SIGN_IDENTITY = "iPhone Developer";
				COPY_PHASE_STRIP = NO;
				DEBUG_INFORMATION_FORMAT = "dwarf-with-dsym";
				ENABLE_NS_ASSERTIONS = NO;
				ENABLE_STRICT_OBJC_MSGSEND = YES;
				GCC_C_LANGUAGE_STANDARD = gnu11;
				GCC_NO_COMMON_BLOCKS = YES;
				GCC_WARN_64_TO_32_BIT_CONVERSION = YES;
				GCC_WARN_ABOUT_RETURN_TYPE = YES_ERROR;
				GCC_WARN_UNDECLARED_SELECTOR = YES;
				GCC_WARN_UNINITIALIZED_AUTOS = YES_AGGRESSIVE;
				GCC_WARN_UNUSED_FUNCTION = YES;
				GCC_WARN_UNUSED_VARIABLE = YES;
				IPHONEOS_DEPLOYMENT_TARGET = 12.2;
				MTL_ENABLE_DEBUG_INFO = NO;
				MTL_FAST_MATH = YES;
				SDKROOT = iphoneos;
				VALIDATE_PRODUCT = YES;
			};
			name = Release;
		};
		815C471D22D449C400CC9741 /* Debug */ = {
			isa = XCBuildConfiguration;
			buildSettings = {
				ASSETCATALOG_COMPILER_APPICON_NAME = AppIcon;
				CODE_SIGN_STYLE = Automatic;
				DEVELOPMENT_TEAM = SKQY859ZK7;
				INFOPLIST_FILE = ThangRevisedContactPicker/Info.plist;
				IPHONEOS_DEPLOYMENT_TARGET = 12.2;
				LD_RUNPATH_SEARCH_PATHS = (
					"$(inherited)",
					"@executable_path/Frameworks",
				);
				PRODUCT_BUNDLE_IDENTIFIER = "zalo-fresher.ThangRevisedContactPicker";
				PRODUCT_NAME = "$(TARGET_NAME)";
				TARGETED_DEVICE_FAMILY = "1,2";
			};
			name = Debug;
		};
		815C471E22D449C400CC9741 /* Release */ = {
			isa = XCBuildConfiguration;
			buildSettings = {
				ASSETCATALOG_COMPILER_APPICON_NAME = AppIcon;
				CODE_SIGN_STYLE = Automatic;
				DEVELOPMENT_TEAM = SKQY859ZK7;
				INFOPLIST_FILE = ThangRevisedContactPicker/Info.plist;
				IPHONEOS_DEPLOYMENT_TARGET = 12.2;
				LD_RUNPATH_SEARCH_PATHS = (
					"$(inherited)",
					"@executable_path/Frameworks",
				);
				PRODUCT_BUNDLE_IDENTIFIER = "zalo-fresher.ThangRevisedContactPicker";
				PRODUCT_NAME = "$(TARGET_NAME)";
				TARGETED_DEVICE_FAMILY = "1,2";
			};
			name = Release;
		};
		815C472022D449C400CC9741 /* Debug */ = {
			isa = XCBuildConfiguration;
			buildSettings = {
				BUNDLE_LOADER = "$(TEST_HOST)";
				CODE_SIGN_STYLE = Automatic;
				DEVELOPMENT_TEAM = SKQY859ZK7;
				INFOPLIST_FILE = ThangRevisedContactPickerTests/Info.plist;
				LD_RUNPATH_SEARCH_PATHS = (
					"$(inherited)",
					"@executable_path/Frameworks",
					"@loader_path/Frameworks",
				);
				PRODUCT_BUNDLE_IDENTIFIER = "zalo-fresher.ThangRevisedContactPickerTests";
				PRODUCT_NAME = "$(TARGET_NAME)";
				TARGETED_DEVICE_FAMILY = "1,2";
				TEST_HOST = "$(BUILT_PRODUCTS_DIR)/ThangRevisedContactPicker.app/ThangRevisedContactPicker";
			};
			name = Debug;
		};
		815C472122D449C400CC9741 /* Release */ = {
			isa = XCBuildConfiguration;
			buildSettings = {
				BUNDLE_LOADER = "$(TEST_HOST)";
				CODE_SIGN_STYLE = Automatic;
				DEVELOPMENT_TEAM = SKQY859ZK7;
				INFOPLIST_FILE = ThangRevisedContactPickerTests/Info.plist;
				LD_RUNPATH_SEARCH_PATHS = (
					"$(inherited)",
					"@executable_path/Frameworks",
					"@loader_path/Frameworks",
				);
				PRODUCT_BUNDLE_IDENTIFIER = "zalo-fresher.ThangRevisedContactPickerTests";
				PRODUCT_NAME = "$(TARGET_NAME)";
				TARGETED_DEVICE_FAMILY = "1,2";
				TEST_HOST = "$(BUILT_PRODUCTS_DIR)/ThangRevisedContactPicker.app/ThangRevisedContactPicker";
			};
			name = Release;
		};
		815C472322D449C400CC9741 /* Debug */ = {
			isa = XCBuildConfiguration;
			buildSettings = {
				CODE_SIGN_STYLE = Automatic;
				DEVELOPMENT_TEAM = SKQY859ZK7;
				INFOPLIST_FILE = ThangRevisedContactPickerUITests/Info.plist;
				LD_RUNPATH_SEARCH_PATHS = (
					"$(inherited)",
					"@executable_path/Frameworks",
					"@loader_path/Frameworks",
				);
				PRODUCT_BUNDLE_IDENTIFIER = "zalo-fresher.ThangRevisedContactPickerUITests";
				PRODUCT_NAME = "$(TARGET_NAME)";
				TARGETED_DEVICE_FAMILY = "1,2";
				TEST_TARGET_NAME = ThangRevisedContactPicker;
			};
			name = Debug;
		};
		815C472422D449C400CC9741 /* Release */ = {
			isa = XCBuildConfiguration;
			buildSettings = {
				CODE_SIGN_STYLE = Automatic;
				DEVELOPMENT_TEAM = SKQY859ZK7;
				INFOPLIST_FILE = ThangRevisedContactPickerUITests/Info.plist;
				LD_RUNPATH_SEARCH_PATHS = (
					"$(inherited)",
					"@executable_path/Frameworks",
					"@loader_path/Frameworks",
				);
				PRODUCT_BUNDLE_IDENTIFIER = "zalo-fresher.ThangRevisedContactPickerUITests";
				PRODUCT_NAME = "$(TARGET_NAME)";
				TARGETED_DEVICE_FAMILY = "1,2";
				TEST_TARGET_NAME = ThangRevisedContactPicker;
			};
			name = Release;
		};
/* End XCBuildConfiguration section */

/* Begin XCConfigurationList section */
		815C46EB22D449C200CC9741 /* Build configuration list for PBXProject "ThangRevisedContactPicker" */ = {
			isa = XCConfigurationList;
			buildConfigurations = (
				815C471A22D449C400CC9741 /* Debug */,
				815C471B22D449C400CC9741 /* Release */,
			);
			defaultConfigurationIsVisible = 0;
			defaultConfigurationName = Release;
		};
		815C471C22D449C400CC9741 /* Build configuration list for PBXNativeTarget "ThangRevisedContactPicker" */ = {
			isa = XCConfigurationList;
			buildConfigurations = (
				815C471D22D449C400CC9741 /* Debug */,
				815C471E22D449C400CC9741 /* Release */,
			);
			defaultConfigurationIsVisible = 0;
			defaultConfigurationName = Release;
		};
		815C471F22D449C400CC9741 /* Build configuration list for PBXNativeTarget "ThangRevisedContactPickerTests" */ = {
			isa = XCConfigurationList;
			buildConfigurations = (
				815C472022D449C400CC9741 /* Debug */,
				815C472122D449C400CC9741 /* Release */,
			);
			defaultConfigurationIsVisible = 0;
			defaultConfigurationName = Release;
		};
		815C472222D449C400CC9741 /* Build configuration list for PBXNativeTarget "ThangRevisedContactPickerUITests" */ = {
			isa = XCConfigurationList;
			buildConfigurations = (
				815C472322D449C400CC9741 /* Debug */,
				815C472422D449C400CC9741 /* Release */,
			);
			defaultConfigurationIsVisible = 0;
			defaultConfigurationName = Release;
		};
/* End XCConfigurationList section */
	};
	rootObject = 815C46E822D449C200CC9741 /* Project object */;
}
